
Microsoft Visual Studio Solution File, Format Version 12.00
# Visual Studio 14
VisualStudioVersion = 14.0.25123.0
MinimumVisualStudioVersion = 10.0.40219.1
Project("{FAE04EC0-301F-11D3-BF4B-00C04F79EFBC}") = "LogoFX.Client.Bootstrapping.Adapters.Autofac", "LogoFX.Client.Bootstrapping.Adapters.Autofac\LogoFX.Client.Bootstrapping.Adapters.Autofac.csproj", "{7F17E7E8-F568-4581-95D0-F2BC5DF83C15}"
EndProject
Project("{FAE04EC0-301F-11D3-BF4B-00C04F79EFBC}") = "LogoFX.Client.Bootstrapping.Adapters.Autofac.Tests", "LogoFX.Client.Bootstrapping.Adapters.Autofac.Tests\LogoFX.Client.Bootstrapping.Adapters.Autofac.Tests.csproj", "{DC6D5556-F34D-4AD0-9A85-859EBEA71F43}"
EndProject
Project("{FAE04EC0-301F-11D3-BF4B-00C04F79EFBC}") = "LogoFX.Client.Bootstrapping.Adapters.Autofac.Middleware", "LogoFX.Client.Bootstrapping.Adapters.Autofac.Middleware\LogoFX.Client.Bootstrapping.Adapters.Autofac.Middleware.csproj", "{39C67D01-F324-4385-AD54-315CCDB9DC61}"
EndProject
Global
	GlobalSection(SolutionConfigurationPlatforms) = preSolution
		Debug|Any CPU = Debug|Any CPU
		Release|Any CPU = Release|Any CPU
	EndGlobalSection
	GlobalSection(ProjectConfigurationPlatforms) = postSolution
		{7F17E7E8-F568-4581-95D0-F2BC5DF83C15}.Debug|Any CPU.ActiveCfg = Debug|Any CPU
		{7F17E7E8-F568-4581-95D0-F2BC5DF83C15}.Debug|Any CPU.Build.0 = Debug|Any CPU
		{7F17E7E8-F568-4581-95D0-F2BC5DF83C15}.Release|Any CPU.ActiveCfg = Release|Any CPU
		{7F17E7E8-F568-4581-95D0-F2BC5DF83C15}.Release|Any CPU.Build.0 = Release|Any CPU
		{DC6D5556-F34D-4AD0-9A85-859EBEA71F43}.Debug|Any CPU.ActiveCfg = Debug|Any CPU
		{DC6D5556-F34D-4AD0-9A85-859EBEA71F43}.Debug|Any CPU.Build.0 = Debug|Any CPU
		{DC6D5556-F34D-4AD0-9A85-859EBEA71F43}.Release|Any CPU.ActiveCfg = Release|Any CPU
		{DC6D5556-F34D-4AD0-9A85-859EBEA71F43}.Release|Any CPU.Build.0 = Release|Any CPU
		{39C67D01-F324-4385-AD54-315CCDB9DC61}.Debug|Any CPU.ActiveCfg = Debug|Any CPU
		{39C67D01-F324-4385-AD54-315CCDB9DC61}.Debug|Any CPU.Build.0 = Debug|Any CPU
		{39C67D01-F324-4385-AD54-315CCDB9DC61}.Release|Any CPU.ActiveCfg = Release|Any CPU
		{39C67D01-F324-4385-AD54-315CCDB9DC61}.Release|Any CPU.Build.0 = Release|Any CPU
	EndGlobalSection
	GlobalSection(SolutionProperties) = preSolution
		HideSolutionNode = FALSE
	EndGlobalSection
EndGlobal
